
Microsoft Visual Studio Solution File, Format Version 11.00
# Visual Studio 2010
Project("{FAE04EC0-301F-11D3-BF4B-00C04F79EFBC}") = "AnimationLib", "AnimationLib.csproj", "{252DF212-370D-4682-B3D8-85CE9ACE545E}"
EndProject
Project("{FAE04EC0-301F-11D3-BF4B-00C04F79EFBC}") = "GameTimer.Windows", "..\externals\GameTimer\Windows\GameTimer.Windows.csproj", "{6B6D4188-5C03-4E16-923B-96FDBC85B91A}"
EndProject
Project("{FAE04EC0-301F-11D3-BF4B-00C04F79EFBC}") = "DrawListBuddy.Windows", "..\externals\DrawListBuddy\Windows\DrawListBuddy.Windows.csproj", "{1ABFAAEC-29E3-430C-B212-5B15E75E6192}"
EndProject
Project("{FAE04EC0-301F-11D3-BF4B-00C04F79EFBC}") = "Lidgren.Network.Windows", "..\externals\MonoGame\ThirdParty\Lidgren.Network\Lidgren.Network.Windows.csproj", "{AE483C29-042E-4226-BA52-D247CE7676DA}"
EndProject
Project("{FAE04EC0-301F-11D3-BF4B-00C04F79EFBC}") = "MonoGame.Framework.WindowsGL", "..\externals\MonoGame\MonoGame.Framework\MonoGame.Framework.WindowsGL.csproj", "{7DE47032-A904-4C29-BD22-2D235E8D91BA}"
EndProject
Project("{FAE04EC0-301F-11D3-BF4B-00C04F79EFBC}") = "Filename.Windows", "..\externals\Filename\Windows\Filename.Windows.csproj", "{2A84DFE8-75E0-4774-BAAF-00629ED44405}"
EndProject
Project("{FAE04EC0-301F-11D3-BF4B-00C04F79EFBC}") = "CollisionBuddy.Windows", "..\externals\CollisionBuddy\Windows\CollisionBuddy.Windows.csproj", "{E032CF52-88BC-4D76-8E93-3798F5EE5CD2}"
EndProject
Project("{FAE04EC0-301F-11D3-BF4B-00C04F79EFBC}") = "MatrixExtensions.Windows", "..\externals\MatrixExtensions\Windows\MatrixExtensions.Windows.csproj", "{E2C50D0B-A1C1-4F67-92CB-BE0E587A3CE6}"
EndProject
Project("{FAE04EC0-301F-11D3-BF4B-00C04F79EFBC}") = "BasicPrimitiveBuddy.Windows", "..\externals\BasicPrimitiveBuddy\Windows\BasicPrimitiveBuddy.Windows.csproj", "{0FAA1286-7BFA-4765-8B51-62E438CB121D}"
EndProject
Project("{FAE04EC0-301F-11D3-BF4B-00C04F79EFBC}") = "Vector2Extensions.Windows", "..\externals\Vector2Extensions\Windows\Vector2Extensions.Windows.csproj", "{2C5ACADA-D15A-4193-BA0A-D36A362075F4}"
EndProject
Project("{FAE04EC0-301F-11D3-BF4B-00C04F79EFBC}") = "RenderBuddy.Windows", "..\externals\RenderBuddy\Windows\RenderBuddy.Windows.csproj", "{5C9D6145-A763-4B79-8541-0C44C6DEE72D}"
EndProject
Project("{FAE04EC0-301F-11D3-BF4B-00C04F79EFBC}") = "CameraBuddy.Windows", "..\externals\CameraBuddy\Windows\CameraBuddy.Windows.csproj", "{5320A521-E249-4027-A241-F91E79020EE2}"
EndProject
Project("{FAE04EC0-301F-11D3-BF4B-00C04F79EFBC}") = "Animationlib.Tests", "..\Tests\Animationlib.Tests.csproj", "{E56D6621-FDE5-4219-ACA1-E86921E21EC9}"
EndProject
Project("{FAE04EC0-301F-11D3-BF4B-00C04F79EFBC}") = "RenderBuddy.Tests", "..\externals\RenderBuddy\Tests\RenderBuddy.Tests.csproj", "{0ADDFB2B-6547-46D0-91DD-7D2A863DC88E}"
EndProject
Project("{FAE04EC0-301F-11D3-BF4B-00C04F79EFBC}") = "DrawList.Tests", "..\externals\DrawListBuddy\Tests\DrawList.Tests.csproj", "{7F8C6BD9-8051-4536-A06C-ED0A4626AB5B}"
EndProject
Project("{FAE04EC0-301F-11D3-BF4B-00C04F79EFBC}") = "Filename.Tests", "..\externals\Filename\Tests\Filename.Tests.csproj", "{083CFFCD-4832-4783-B7B9-CD25E7F64B2C}"
EndProject
Project("{FAE04EC0-301F-11D3-BF4B-00C04F79EFBC}") = "GameTimer.Tests", "..\externals\GameTimer\Tests\GameTimer.Tests.csproj", "{19166C0A-4356-4843-98E4-4DE999F897CD}"
EndProject
Project("{FAE04EC0-301F-11D3-BF4B-00C04F79EFBC}") = "MatrixExtensions.Tests", "..\externals\MatrixExtensions\Tests\MatrixExtensions.Tests.csproj", "{C7B5E657-92A6-4F23-B0CE-F99A370659DB}"
EndProject
Project("{FAE04EC0-301F-11D3-BF4B-00C04F79EFBC}") = "Vector2Extensions.Tests", "..\externals\Vector2Extensions\Tests\Vector2Extensions.Tests.csproj", "{A1B13DE6-C03C-4156-BE7E-7FABD8344424}"
EndProject
Global
	GlobalSection(SolutionConfigurationPlatforms) = preSolution
		Debug|x86 = Debug|x86
		Release|x86 = Release|x86
	EndGlobalSection
	GlobalSection(ProjectConfigurationPlatforms) = postSolution
		{083CFFCD-4832-4783-B7B9-CD25E7F64B2C}.Debug|x86.ActiveCfg = Debug|Any CPU
		{083CFFCD-4832-4783-B7B9-CD25E7F64B2C}.Debug|x86.Build.0 = Debug|Any CPU
		{083CFFCD-4832-4783-B7B9-CD25E7F64B2C}.Release|x86.ActiveCfg = Release|Any CPU
		{083CFFCD-4832-4783-B7B9-CD25E7F64B2C}.Release|x86.Build.0 = Release|Any CPU
		{0ADDFB2B-6547-46D0-91DD-7D2A863DC88E}.Debug|x86.ActiveCfg = Debug|Any CPU
		{0ADDFB2B-6547-46D0-91DD-7D2A863DC88E}.Debug|x86.Build.0 = Debug|Any CPU
		{0ADDFB2B-6547-46D0-91DD-7D2A863DC88E}.Release|x86.ActiveCfg = Release|Any CPU
		{0ADDFB2B-6547-46D0-91DD-7D2A863DC88E}.Release|x86.Build.0 = Release|Any CPU
		{0FAA1286-7BFA-4765-8B51-62E438CB121D}.Debug|x86.ActiveCfg = Debug|x86
		{0FAA1286-7BFA-4765-8B51-62E438CB121D}.Debug|x86.Build.0 = Debug|x86
		{0FAA1286-7BFA-4765-8B51-62E438CB121D}.Release|x86.ActiveCfg = Release|x86
		{0FAA1286-7BFA-4765-8B51-62E438CB121D}.Release|x86.Build.0 = Release|x86
		{19166C0A-4356-4843-98E4-4DE999F897CD}.Debug|x86.ActiveCfg = Debug|Any CPU
		{19166C0A-4356-4843-98E4-4DE999F897CD}.Debug|x86.Build.0 = Debug|Any CPU
		{19166C0A-4356-4843-98E4-4DE999F897CD}.Release|x86.ActiveCfg = Release|Any CPU
		{19166C0A-4356-4843-98E4-4DE999F897CD}.Release|x86.Build.0 = Release|Any CPU
		{1ABFAAEC-29E3-430C-B212-5B15E75E6192}.Debug|x86.ActiveCfg = Debug|Any CPU
		{1ABFAAEC-29E3-430C-B212-5B15E75E6192}.Debug|x86.Build.0 = Debug|Any CPU
		{1ABFAAEC-29E3-430C-B212-5B15E75E6192}.Release|x86.ActiveCfg = Release|Any CPU
		{1ABFAAEC-29E3-430C-B212-5B15E75E6192}.Release|x86.Build.0 = Release|Any CPU
		{252DF212-370D-4682-B3D8-85CE9ACE545E}.Debug|x86.ActiveCfg = Debug|x86
		{252DF212-370D-4682-B3D8-85CE9ACE545E}.Debug|x86.Build.0 = Debug|x86
		{252DF212-370D-4682-B3D8-85CE9ACE545E}.Release|x86.ActiveCfg = Release|x86
		{252DF212-370D-4682-B3D8-85CE9ACE545E}.Release|x86.Build.0 = Release|x86
		{2A84DFE8-75E0-4774-BAAF-00629ED44405}.Debug|x86.ActiveCfg = Debug|Any CPU
		{2A84DFE8-75E0-4774-BAAF-00629ED44405}.Debug|x86.Build.0 = Debug|Any CPU
		{2A84DFE8-75E0-4774-BAAF-00629ED44405}.Release|x86.ActiveCfg = Release|Any CPU
		{2A84DFE8-75E0-4774-BAAF-00629ED44405}.Release|x86.Build.0 = Release|Any CPU
		{2C5ACADA-D15A-4193-BA0A-D36A362075F4}.Debug|x86.ActiveCfg = Debug|Any CPU
		{2C5ACADA-D15A-4193-BA0A-D36A362075F4}.Debug|x86.Build.0 = Debug|Any CPU
		{2C5ACADA-D15A-4193-BA0A-D36A362075F4}.Release|x86.ActiveCfg = Release|Any CPU
		{2C5ACADA-D15A-4193-BA0A-D36A362075F4}.Release|x86.Build.0 = Release|Any CPU
		{5320A521-E249-4027-A241-F91E79020EE2}.Debug|x86.ActiveCfg = Debug|Any CPU
		{5320A521-E249-4027-A241-F91E79020EE2}.Debug|x86.Build.0 = Debug|Any CPU
		{5320A521-E249-4027-A241-F91E79020EE2}.Release|x86.ActiveCfg = Release|Any CPU
		{5320A521-E249-4027-A241-F91E79020EE2}.Release|x86.Build.0 = Release|Any CPU
		{5C9D6145-A763-4B79-8541-0C44C6DEE72D}.Debug|x86.ActiveCfg = Debug|x86
		{5C9D6145-A763-4B79-8541-0C44C6DEE72D}.Debug|x86.Build.0 = Debug|x86
		{5C9D6145-A763-4B79-8541-0C44C6DEE72D}.Release|x86.ActiveCfg = Release|x86
		{5C9D6145-A763-4B79-8541-0C44C6DEE72D}.Release|x86.Build.0 = Release|x86
		{6B6D4188-5C03-4E16-923B-96FDBC85B91A}.Debug|x86.ActiveCfg = Debug|x86
		{6B6D4188-5C03-4E16-923B-96FDBC85B91A}.Debug|x86.Build.0 = Debug|x86
		{6B6D4188-5C03-4E16-923B-96FDBC85B91A}.Release|x86.ActiveCfg = Release|x86
		{6B6D4188-5C03-4E16-923B-96FDBC85B91A}.Release|x86.Build.0 = Release|x86
		{7DE47032-A904-4C29-BD22-2D235E8D91BA}.Debug|x86.ActiveCfg = Debug|x86
		{7DE47032-A904-4C29-BD22-2D235E8D91BA}.Debug|x86.Build.0 = Debug|x86
		{7DE47032-A904-4C29-BD22-2D235E8D91BA}.Release|x86.ActiveCfg = Release|x86
		{7DE47032-A904-4C29-BD22-2D235E8D91BA}.Release|x86.Build.0 = Release|x86
		{7F8C6BD9-8051-4536-A06C-ED0A4626AB5B}.Debug|x86.ActiveCfg = Debug|Any CPU
		{7F8C6BD9-8051-4536-A06C-ED0A4626AB5B}.Debug|x86.Build.0 = Debug|Any CPU
		{7F8C6BD9-8051-4536-A06C-ED0A4626AB5B}.Release|x86.ActiveCfg = Release|Any CPU
		{7F8C6BD9-8051-4536-A06C-ED0A4626AB5B}.Release|x86.Build.0 = Release|Any CPU
		{A1B13DE6-C03C-4156-BE7E-7FABD8344424}.Debug|x86.ActiveCfg = Debug|Any CPU
		{A1B13DE6-C03C-4156-BE7E-7FABD8344424}.Debug|x86.Build.0 = Debug|Any CPU
		{A1B13DE6-C03C-4156-BE7E-7FABD8344424}.Release|x86.ActiveCfg = Release|Any CPU
		{A1B13DE6-C03C-4156-BE7E-7FABD8344424}.Release|x86.Build.0 = Release|Any CPU
		{AE483C29-042E-4226-BA52-D247CE7676DA}.Debug|x86.ActiveCfg = Debug|Any CPU
		{AE483C29-042E-4226-BA52-D247CE7676DA}.Debug|x86.Build.0 = Debug|Any CPU
		{AE483C29-042E-4226-BA52-D247CE7676DA}.Release|x86.ActiveCfg = Release|Any CPU
		{AE483C29-042E-4226-BA52-D247CE7676DA}.Release|x86.Build.0 = Release|Any CPU
		{C7B5E657-92A6-4F23-B0CE-F99A370659DB}.Debug|x86.ActiveCfg = Debug|Any CPU
		{C7B5E657-92A6-4F23-B0CE-F99A370659DB}.Debug|x86.Build.0 = Debug|Any CPU
		{C7B5E657-92A6-4F23-B0CE-F99A370659DB}.Release|x86.ActiveCfg = Release|Any CPU
		{C7B5E657-92A6-4F23-B0CE-F99A370659DB}.Release|x86.Build.0 = Release|Any CPU
		{E032CF52-88BC-4D76-8E93-3798F5EE5CD2}.Debug|x86.ActiveCfg = Debug|x86
		{E032CF52-88BC-4D76-8E93-3798F5EE5CD2}.Debug|x86.Build.0 = Debug|x86
		{E032CF52-88BC-4D76-8E93-3798F5EE5CD2}.Release|x86.ActiveCfg = Release|x86
		{E032CF52-88BC-4D76-8E93-3798F5EE5CD2}.Release|x86.Build.0 = Release|x86
		{E2C50D0B-A1C1-4F67-92CB-BE0E587A3CE6}.Debug|x86.ActiveCfg = Debug|Any CPU
		{E2C50D0B-A1C1-4F67-92CB-BE0E587A3CE6}.Debug|x86.Build.0 = Debug|Any CPU
		{E2C50D0B-A1C1-4F67-92CB-BE0E587A3CE6}.Release|x86.ActiveCfg = Release|Any CPU
		{E2C50D0B-A1C1-4F67-92CB-BE0E587A3CE6}.Release|x86.Build.0 = Release|Any CPU
		{E56D6621-FDE5-4219-ACA1-E86921E21EC9}.Debug|x86.ActiveCfg = Debug|Any CPU
		{E56D6621-FDE5-4219-ACA1-E86921E21EC9}.Debug|x86.Build.0 = Debug|Any CPU
		{E56D6621-FDE5-4219-ACA1-E86921E21EC9}.Release|x86.ActiveCfg = Release|Any CPU
		{E56D6621-FDE5-4219-ACA1-E86921E21EC9}.Release|x86.Build.0 = Release|Any CPU
	EndGlobalSection
	GlobalSection(MonoDevelopProperties) = preSolution
		StartupItem = AnimationLib.csproj
	EndGlobalSection
EndGlobal
